// !$*UTF8*$!
{
	archiveVersion = 1;
	classes = {
	};
	objectVersion = 56;
	objects = {

/* Begin PBXBuildFile section */
		0CC3D2DE2B7BBA1B001FF10A /* AppDelegate.swift in Sources */ = {isa = PBXBuildFile; fileRef = 0CC3D2DD2B7BBA1B001FF10A /* AppDelegate.swift */; };
		0CC3D2E02B7BBA1B001FF10A /* SceneDelegate.swift in Sources */ = {isa = PBXBuildFile; fileRef = 0CC3D2DF2B7BBA1B001FF10A /* SceneDelegate.swift */; };
		0CC3D2E22B7BBA1B001FF10A /* ViewController.swift in Sources */ = {isa = PBXBuildFile; fileRef = 0CC3D2E12B7BBA1B001FF10A /* ViewController.swift */; };
		0CC3D2E52B7BBA1B001FF10A /* Main.storyboard in Resources */ = {isa = PBXBuildFile; fileRef = 0CC3D2E32B7BBA1B001FF10A /* Main.storyboard */; };
		0CC3D2E72B7BBA1D001FF10A /* Assets.xcassets in Resources */ = {isa = PBXBuildFile; fileRef = 0CC3D2E62B7BBA1D001FF10A /* Assets.xcassets */; };
		0CC3D2EA2B7BBA1D001FF10A /* LaunchScreen.storyboard in Resources */ = {isa = PBXBuildFile; fileRef = 0CC3D2E82B7BBA1D001FF10A /* LaunchScreen.storyboard */; };
		0CC3D2F52B7BBA1D001FF10A /* MovieAppTests.swift in Sources */ = {isa = PBXBuildFile; fileRef = 0CC3D2F42B7BBA1D001FF10A /* MovieAppTests.swift */; };
		0CC3D2FF2B7BBA1D001FF10A /* MovieAppUITests.swift in Sources */ = {isa = PBXBuildFile; fileRef = 0CC3D2FE2B7BBA1D001FF10A /* MovieAppUITests.swift */; };
		0CC3D3012B7BBA1D001FF10A /* MovieAppUITestsLaunchTests.swift in Sources */ = {isa = PBXBuildFile; fileRef = 0CC3D3002B7BBA1D001FF10A /* MovieAppUITestsLaunchTests.swift */; };
/* End PBXBuildFile section */

/* Begin PBXContainerItemProxy section */
		0CC3D2F12B7BBA1D001FF10A /* PBXContainerItemProxy */ = {
			isa = PBXContainerItemProxy;
			containerPortal = 0CC3D2D22B7BBA1B001FF10A /* Project object */;
			proxyType = 1;
			remoteGlobalIDString = 0CC3D2D92B7BBA1B001FF10A;
			remoteInfo = MovieApp;
		};
		0CC3D2FB2B7BBA1D001FF10A /* PBXContainerItemProxy */ = {
			isa = PBXContainerItemProxy;
			containerPortal = 0CC3D2D22B7BBA1B001FF10A /* Project object */;
			proxyType = 1;
			remoteGlobalIDString = 0CC3D2D92B7BBA1B001FF10A;
			remoteInfo = MovieApp;
		};
/* End PBXContainerItemProxy section */

/* Begin PBXFileReference section */
		0CC3D2DA2B7BBA1B001FF10A /* MovieApp.app */ = {isa = PBXFileReference; explicitFileType = wrapper.application; includeInIndex = 0; path = MovieApp.app; sourceTree = BUILT_PRODUCTS_DIR; };
		0CC3D2DD2B7BBA1B001FF10A /* AppDelegate.swift */ = {isa = PBXFileReference; lastKnownFileType = sourcecode.swift; path = AppDelegate.swift; sourceTree = "<group>"; };
		0CC3D2DF2B7BBA1B001FF10A /* SceneDelegate.swift */ = {isa = PBXFileReference; lastKnownFileType = sourcecode.swift; path = SceneDelegate.swift; sourceTree = "<group>"; };
		0CC3D2E12B7BBA1B001FF10A /* ViewController.swift */ = {isa = PBXFileReference; lastKnownFileType = sourcecode.swift; path = ViewController.swift; sourceTree = "<group>"; };
		0CC3D2E42B7BBA1B001FF10A /* Base */ = {isa = PBXFileReference; lastKnownFileType = file.storyboard; name = Base; path = Base.lproj/Main.storyboard; sourceTree = "<group>"; };
		0CC3D2E62B7BBA1D001FF10A /* Assets.xcassets */ = {isa = PBXFileReference; lastKnownFileType = folder.assetcatalog; path = Assets.xcassets; sourceTree = "<group>"; };
		0CC3D2E92B7BBA1D001FF10A /* Base */ = {isa = PBXFileReference; lastKnownFileType = file.storyboard; name = Base; path = Base.lproj/LaunchScreen.storyboard; sourceTree = "<group>"; };
		0CC3D2EB2B7BBA1D001FF10A /* Info.plist */ = {isa = PBXFileReference; lastKnownFileType = text.plist.xml; path = Info.plist; sourceTree = "<group>"; };
		0CC3D2F02B7BBA1D001FF10A /* MovieAppTests.xctest */ = {isa = PBXFileReference; explicitFileType = wrapper.cfbundle; includeInIndex = 0; path = MovieAppTests.xctest; sourceTree = BUILT_PRODUCTS_DIR; };
		0CC3D2F42B7BBA1D001FF10A /* MovieAppTests.swift */ = {isa = PBXFileReference; lastKnownFileType = sourcecode.swift; path = MovieAppTests.swift; sourceTree = "<group>"; };
		0CC3D2FA2B7BBA1D001FF10A /* MovieAppUITests.xctest */ = {isa = PBXFileReference; explicitFileType = wrapper.cfbundle; includeInIndex = 0; path = MovieAppUITests.xctest; sourceTree = BUILT_PRODUCTS_DIR; };
		0CC3D2FE2B7BBA1D001FF10A /* MovieAppUITests.swift */ = {isa = PBXFileReference; lastKnownFileType = sourcecode.swift; path = MovieAppUITests.swift; sourceTree = "<group>"; };
		0CC3D3002B7BBA1D001FF10A /* MovieAppUITestsLaunchTests.swift */ = {isa = PBXFileReference; lastKnownFileType = sourcecode.swift; path = MovieAppUITestsLaunchTests.swift; sourceTree = "<group>"; };
/* End PBXFileReference section */

/* Begin PBXFrameworksBuildPhase section */
		0CC3D2D72B7BBA1B001FF10A /* Frameworks */ = {
			isa = PBXFrameworksBuildPhase;
			buildActionMask = 2147483647;
			files = (
			);
			runOnlyForDeploymentPostprocessing = 0;
		};
		0CC3D2ED2B7BBA1D001FF10A /* Frameworks */ = {
			isa = PBXFrameworksBuildPhase;
			buildActionMask = 2147483647;
			files = (
			);
			runOnlyForDeploymentPostprocessing = 0;
		};
		0CC3D2F72B7BBA1D001FF10A /* Frameworks */ = {
			isa = PBXFrameworksBuildPhase;
			buildActionMask = 2147483647;
			files = (
			);
			runOnlyForDeploymentPostprocessing = 0;
		};
/* End PBXFrameworksBuildPhase section */

/* Begin PBXGroup section */
		0CC3D2D12B7BBA1B001FF10A = {
			isa = PBXGroup;
			children = (
				0CC3D2DC2B7BBA1B001FF10A /* MovieApp */,
				0CC3D2F32B7BBA1D001FF10A /* MovieAppTests */,
				0CC3D2FD2B7BBA1D001FF10A /* MovieAppUITests */,
				0CC3D2DB2B7BBA1B001FF10A /* Products */,
			);
			sourceTree = "<group>";
		};
		0CC3D2DB2B7BBA1B001FF10A /* Products */ = {
			isa = PBXGroup;
			children = (
				0CC3D2DA2B7BBA1B001FF10A /* MovieApp.app */,
				0CC3D2F02B7BBA1D001FF10A /* MovieAppTests.xctest */,
				0CC3D2FA2B7BBA1D001FF10A /* MovieAppUITests.xctest */,
			);
			name = Products;
			sourceTree = "<group>";
		};
		0CC3D2DC2B7BBA1B001FF10A /* MovieApp */ = {
			isa = PBXGroup;
			children = (
				0CC3D2DD2B7BBA1B001FF10A /* AppDelegate.swift */,
				0CC3D2DF2B7BBA1B001FF10A /* SceneDelegate.swift */,
				0CC3D2E12B7BBA1B001FF10A /* ViewController.swift */,
				0CC3D2E32B7BBA1B001FF10A /* Main.storyboard */,
				0CC3D2E62B7BBA1D001FF10A /* Assets.xcassets */,
				0CC3D2E82B7BBA1D001FF10A /* LaunchScreen.storyboard */,
				0CC3D2EB2B7BBA1D001FF10A /* Info.plist */,
			);
			path = MovieApp;
			sourceTree = "<group>";
		};
		0CC3D2F32B7BBA1D001FF10A /* MovieAppTests */ = {
			isa = PBXGroup;
			children = (
				0CC3D2F42B7BBA1D001FF10A /* MovieAppTests.swift */,
			);
			path = MovieAppTests;
			sourceTree = "<group>";
		};
		0CC3D2FD2B7BBA1D001FF10A /* MovieAppUITests */ = {
			isa = PBXGroup;
			children = (
				0CC3D2FE2B7BBA1D001FF10A /* MovieAppUITests.swift */,
				0CC3D3002B7BBA1D001FF10A /* MovieAppUITestsLaunchTests.swift */,
			);
			path = MovieAppUITests;
			sourceTree = "<group>";
		};
/* End PBXGroup section */

/* Begin PBXNativeTarget section */
		0CC3D2D92B7BBA1B001FF10A /* MovieApp */ = {
			isa = PBXNativeTarget;
			buildConfigurationList = 0CC3D3042B7BBA1D001FF10A /* Build configuration list for PBXNativeTarget "MovieApp" */;
			buildPhases = (
				0CC3D2D62B7BBA1B001FF10A /* Sources */,
				0CC3D2D72B7BBA1B001FF10A /* Frameworks */,
				0CC3D2D82B7BBA1B001FF10A /* Resources */,
			);
			buildRules = (
			);
			dependencies = (
			);
			name = MovieApp;
			productName = MovieApp;
			productReference = 0CC3D2DA2B7BBA1B001FF10A /* MovieApp.app */;
			productType = "com.apple.product-type.application";
		};
		0CC3D2EF2B7BBA1D001FF10A /* MovieAppTests */ = {
			isa = PBXNativeTarget;
			buildConfigurationList = 0CC3D3072B7BBA1D001FF10A /* Build configuration list for PBXNativeTarget "MovieAppTests" */;
			buildPhases = (
				0CC3D2EC2B7BBA1D001FF10A /* Sources */,
				0CC3D2ED2B7BBA1D001FF10A /* Frameworks */,
				0CC3D2EE2B7BBA1D001FF10A /* Resources */,
			);
			buildRules = (
			);
			dependencies = (
				0CC3D2F22B7BBA1D001FF10A /* PBXTargetDependency */,
			);
			name = MovieAppTests;
			productName = MovieAppTests;
			productReference = 0CC3D2F02B7BBA1D001FF10A /* MovieAppTests.xctest */;
			productType = "com.apple.product-type.bundle.unit-test";
		};
		0CC3D2F92B7BBA1D001FF10A /* MovieAppUITests */ = {
			isa = PBXNativeTarget;
			buildConfigurationList = 0CC3D30A2B7BBA1D001FF10A /* Build configuration list for PBXNativeTarget "MovieAppUITests" */;
			buildPhases = (
				0CC3D2F62B7BBA1D001FF10A /* Sources */,
				0CC3D2F72B7BBA1D001FF10A /* Frameworks */,
				0CC3D2F82B7BBA1D001FF10A /* Resources */,
			);
			buildRules = (
			);
			dependencies = (
				0CC3D2FC2B7BBA1D001FF10A /* PBXTargetDependency */,
			);
			name = MovieAppUITests;
			productName = MovieAppUITests;
			productReference = 0CC3D2FA2B7BBA1D001FF10A /* MovieAppUITests.xctest */;
			productType = "com.apple.product-type.bundle.ui-testing";
		};
/* End PBXNativeTarget section */

/* Begin PBXProject section */
		0CC3D2D22B7BBA1B001FF10A /* Project object */ = {
			isa = PBXProject;
			attributes = {
				BuildIndependentTargetsInParallel = 1;
				LastSwiftUpdateCheck = 1510;
				LastUpgradeCheck = 1510;
				TargetAttributes = {
					0CC3D2D92B7BBA1B001FF10A = {
						CreatedOnToolsVersion = 15.1;
					};
					0CC3D2EF2B7BBA1D001FF10A = {
						CreatedOnToolsVersion = 15.1;
						TestTargetID = 0CC3D2D92B7BBA1B001FF10A;
					};
					0CC3D2F92B7BBA1D001FF10A = {
						CreatedOnToolsVersion = 15.1;
						TestTargetID = 0CC3D2D92B7BBA1B001FF10A;
					};
				};
			};
			buildConfigurationList = 0CC3D2D52B7BBA1B001FF10A /* Build configuration list for PBXProject "MovieApp" */;
			compatibilityVersion = "Xcode 14.0";
			developmentRegion = en;
			hasScannedForEncodings = 0;
			knownRegions = (
				en,
				Base,
			);
			mainGroup = 0CC3D2D12B7BBA1B001FF10A;
			productRefGroup = 0CC3D2DB2B7BBA1B001FF10A /* Products */;
			projectDirPath = "";
			projectRoot = "";
			targets = (
				0CC3D2D92B7BBA1B001FF10A /* MovieApp */,
				0CC3D2EF2B7BBA1D001FF10A /* MovieAppTests */,
				0CC3D2F92B7BBA1D001FF10A /* MovieAppUITests */,
			);
		};
/* End PBXProject section */

/* Begin PBXResourcesBuildPhase section */
		0CC3D2D82B7BBA1B001FF10A /* Resources */ = {
			isa = PBXResourcesBuildPhase;
			buildActionMask = 2147483647;
			files = (
				0CC3D2EA2B7BBA1D001FF10A /* LaunchScreen.storyboard in Resources */,
				0CC3D2E72B7BBA1D001FF10A /* Assets.xcassets in Resources */,
				0CC3D2E52B7BBA1B001FF10A /* Main.storyboard in Resources */,
			);
			runOnlyForDeploymentPostprocessing = 0;
		};
		0CC3D2EE2B7BBA1D001FF10A /* Resources */ = {
			isa = PBXResourcesBuildPhase;
			buildActionMask = 2147483647;
			files = (
			);
			runOnlyForDeploymentPostprocessing = 0;
		};
		0CC3D2F82B7BBA1D001FF10A /* Resources */ = {
			isa = PBXResourcesBuildPhase;
			buildActionMask = 2147483647;
			files = (
			);
			runOnlyForDeploymentPostprocessing = 0;
		};
/* End PBXResourcesBuildPhase section */

/* Begin PBXSourcesBuildPhase section */
		0CC3D2D62B7BBA1B001FF10A /* Sources */ = {
			isa = PBXSourcesBuildPhase;
			buildActionMask = 2147483647;
			files = (
				0CC3D2E22B7BBA1B001FF10A /* ViewController.swift in Sources */,
				0CC3D2DE2B7BBA1B001FF10A /* AppDelegate.swift in Sources */,
				0CC3D2E02B7BBA1B001FF10A /* SceneDelegate.swift in Sources */,
			);
			runOnlyForDeploymentPostprocessing = 0;
		};
		0CC3D2EC2B7BBA1D001FF10A /* Sources */ = {
			isa = PBXSourcesBuildPhase;
			buildActionMask = 2147483647;
			files = (
				0CC3D2F52B7BBA1D001FF10A /* MovieAppTests.swift in Sources */,
			);
			runOnlyForDeploymentPostprocessing = 0;
		};
		0CC3D2F62B7BBA1D001FF10A /* Sources */ = {
			isa = PBXSourcesBuildPhase;
			buildActionMask = 2147483647;
			files = (
				0CC3D3012B7BBA1D001FF10A /* MovieAppUITestsLaunchTests.swift in Sources */,
				0CC3D2FF2B7BBA1D001FF10A /* MovieAppUITests.swift in Sources */,
			);
			runOnlyForDeploymentPostprocessing = 0;
		};
/* End PBXSourcesBuildPhase section */

/* Begin PBXTargetDependency section */
		0CC3D2F22B7BBA1D001FF10A /* PBXTargetDependency */ = {
			isa = PBXTargetDependency;
			target = 0CC3D2D92B7BBA1B001FF10A /* MovieApp */;
			targetProxy = 0CC3D2F12B7BBA1D001FF10A /* PBXContainerItemProxy */;
		};
		0CC3D2FC2B7BBA1D001FF10A /* PBXTargetDependency */ = {
			isa = PBXTargetDependency;
			target = 0CC3D2D92B7BBA1B001FF10A /* MovieApp */;
			targetProxy = 0CC3D2FB2B7BBA1D001FF10A /* PBXContainerItemProxy */;
		};
/* End PBXTargetDependency section */

/* Begin PBXVariantGroup section */
		0CC3D2E32B7BBA1B001FF10A /* Main.storyboard */ = {
			isa = PBXVariantGroup;
			children = (
				0CC3D2E42B7BBA1B001FF10A /* Base */,
			);
			name = Main.storyboard;
			sourceTree = "<group>";
		};
		0CC3D2E82B7BBA1D001FF10A /* LaunchScreen.storyboard */ = {
			isa = PBXVariantGroup;
			children = (
				0CC3D2E92B7BBA1D001FF10A /* Base */,
			);
			name = LaunchScreen.storyboard;
			sourceTree = "<group>";
		};
/* End PBXVariantGroup section */

/* Begin XCBuildConfiguration section */
		0CC3D3022B7BBA1D001FF10A /* Debug */ = {
			isa = XCBuildConfiguration;
			buildSettings = {
				ALWAYS_SEARCH_USER_PATHS = NO;
				ASSETCATALOG_COMPILER_GENERATE_SWIFT_ASSET_SYMBOL_EXTENSIONS = YES;
				CLANG_ANALYZER_NONNULL = YES;
				CLANG_ANALYZER_NUMBER_OBJECT_CONVERSION = YES_AGGRESSIVE;
				CLANG_CXX_LANGUAGE_STANDARD = "gnu++20";
				CLANG_ENABLE_MODULES = YES;
				CLANG_ENABLE_OBJC_ARC = YES;
				CLANG_ENABLE_OBJC_WEAK = YES;
				CLANG_WARN_BLOCK_CAPTURE_AUTORELEASING = YES;
				CLANG_WARN_BOOL_CONVERSION = YES;
				CLANG_WARN_COMMA = YES;
				CLANG_WARN_CONSTANT_CONVERSION = YES;
				CLANG_WARN_DEPRECATED_OBJC_IMPLEMENTATIONS = YES;
				CLANG_WARN_DIRECT_OBJC_ISA_USAGE = YES_ERROR;
				CLANG_WARN_DOCUMENTATION_COMMENTS = YES;
				CLANG_WARN_EMPTY_BODY = YES;
				CLANG_WARN_ENUM_CONVERSION = YES;
				CLANG_WARN_INFINITE_RECURSION = YES;
				CLANG_WARN_INT_CONVERSION = YES;
				CLANG_WARN_NON_LITERAL_NULL_CONVERSION = YES;
				CLANG_WARN_OBJC_IMPLICIT_RETAIN_SELF = YES;
				CLANG_WARN_OBJC_LITERAL_CONVERSION = YES;
				CLANG_WARN_OBJC_ROOT_CLASS = YES_ERROR;
				CLANG_WARN_QUOTED_INCLUDE_IN_FRAMEWORK_HEADER = YES;
				CLANG_WARN_RANGE_LOOP_ANALYSIS = YES;
				CLANG_WARN_STRICT_PROTOTYPES = YES;
				CLANG_WARN_SUSPICIOUS_MOVE = YES;
				CLANG_WARN_UNGUARDED_AVAILABILITY = YES_AGGRESSIVE;
				CLANG_WARN_UNREACHABLE_CODE = YES;
				CLANG_WARN__DUPLICATE_METHOD_MATCH = YES;
				COPY_PHASE_STRIP = NO;
				DEBUG_INFORMATION_FORMAT = dwarf;
				ENABLE_STRICT_OBJC_MSGSEND = YES;
				ENABLE_TESTABILITY = YES;
				ENABLE_USER_SCRIPT_SANDBOXING = YES;
				GCC_C_LANGUAGE_STANDARD = gnu17;
				GCC_DYNAMIC_NO_PIC = NO;
				GCC_NO_COMMON_BLOCKS = YES;
				GCC_OPTIMIZATION_LEVEL = 0;
				GCC_PREPROCESSOR_DEFINITIONS = (
					"DEBUG=1",
					"$(inherited)",
				);
				GCC_WARN_64_TO_32_BIT_CONVERSION = YES;
				GCC_WARN_ABOUT_RETURN_TYPE = YES_ERROR;
				GCC_WARN_UNDECLARED_SELECTOR = YES;
				GCC_WARN_UNINITIALIZED_AUTOS = YES_AGGRESSIVE;
				GCC_WARN_UNUSED_FUNCTION = YES;
				GCC_WARN_UNUSED_VARIABLE = YES;
				IPHONEOS_DEPLOYMENT_TARGET = 17.2;
				LOCALIZATION_PREFERS_STRING_CATALOGS = YES;
				MTL_ENABLE_DEBUG_INFO = INCLUDE_SOURCE;
				MTL_FAST_MATH = YES;
				ONLY_ACTIVE_ARCH = YES;
				SDKROOT = iphoneos;
				SWIFT_ACTIVE_COMPILATION_CONDITIONS = "DEBUG $(inherited)";
				SWIFT_OPTIMIZATION_LEVEL = "-Onone";
			};
			name = Debug;
		};
		0CC3D3032B7BBA1D001FF10A /* Release */ = {
			isa = XCBuildConfiguration;
			buildSettings = {
				ALWAYS_SEARCH_USER_PATHS = NO;
				ASSETCATALOG_COMPILER_GENERATE_SWIFT_ASSET_SYMBOL_EXTENSIONS = YES;
				CLANG_ANALYZER_NONNULL = YES;
				CLANG_ANALYZER_NUMBER_OBJECT_CONVERSION = YES_AGGRESSIVE;
				CLANG_CXX_LANGUAGE_STANDARD = "gnu++20";
				CLANG_ENABLE_MODULES = YES;
				CLANG_ENABLE_OBJC_ARC = YES;
				CLANG_ENABLE_OBJC_WEAK = YES;
				CLANG_WARN_BLOCK_CAPTURE_AUTORELEASING = YES;
				CLANG_WARN_BOOL_CONVERSION = YES;
				CLANG_WARN_COMMA = YES;
				CLANG_WARN_CONSTANT_CONVERSION = YES;
				CLANG_WARN_DEPRECATED_OBJC_IMPLEMENTATIONS = YES;
				CLANG_WARN_DIRECT_OBJC_ISA_USAGE = YES_ERROR;
				CLANG_WARN_DOCUMENTATION_COMMENTS = YES;
				CLANG_WARN_EMPTY_BODY = YES;
				CLANG_WARN_ENUM_CONVERSION = YES;
				CLANG_WARN_INFINITE_RECURSION = YES;
				CLANG_WARN_INT_CONVERSION = YES;
				CLANG_WARN_NON_LITERAL_NULL_CONVERSION = YES;
				CLANG_WARN_OBJC_IMPLICIT_RETAIN_SELF = YES;
				CLANG_WARN_OBJC_LITERAL_CONVERSION = YES;
				CLANG_WARN_OBJC_ROOT_CLASS = YES_ERROR;
				CLANG_WARN_QUOTED_INCLUDE_IN_FRAMEWORK_HEADER = YES;
				CLANG_WARN_RANGE_LOOP_ANALYSIS = YES;
				CLANG_WARN_STRICT_PROTOTYPES = YES;
				CLANG_WARN_SUSPICIOUS_MOVE = YES;
				CLANG_WARN_UNGUARDED_AVAILABILITY = YES_AGGRESSIVE;
				CLANG_WARN_UNREACHABLE_CODE = YES;
				CLANG_WARN__DUPLICATE_METHOD_MATCH = YES;
				COPY_PHASE_STRIP = NO;
				DEBUG_INFORMATION_FORMAT = "dwarf-with-dsym";
				ENABLE_NS_ASSERTIONS = NO;
				ENABLE_STRICT_OBJC_MSGSEND = YES;
				ENABLE_USER_SCRIPT_SANDBOXING = YES;
				GCC_C_LANGUAGE_STANDARD = gnu17;
				GCC_NO_COMMON_BLOCKS = YES;
				GCC_WARN_64_TO_32_BIT_CONVERSION = YES;
				GCC_WARN_ABOUT_RETURN_TYPE = YES_ERROR;
				GCC_WARN_UNDECLARED_SELECTOR = YES;
				GCC_WARN_UNINITIALIZED_AUTOS = YES_AGGRESSIVE;
				GCC_WARN_UNUSED_FUNCTION = YES;
				GCC_WARN_UNUSED_VARIABLE = YES;
				IPHONEOS_DEPLOYMENT_TARGET = 17.2;
				LOCALIZATION_PREFERS_STRING_CATALOGS = YES;
				MTL_ENABLE_DEBUG_INFO = NO;
				MTL_FAST_MATH = YES;
				SDKROOT = iphoneos;
				SWIFT_COMPILATION_MODE = wholemodule;
				VALIDATE_PRODUCT = YES;
			};
			name = Release;
		};
		0CC3D3052B7BBA1D001FF10A /* Debug */ = {
			isa = XCBuildConfiguration;
			buildSettings = {
				ASSETCATALOG_COMPILER_APPICON_NAME = AppIcon;
				ASSETCATALOG_COMPILER_GLOBAL_ACCENT_COLOR_NAME = AccentColor;
				CODE_SIGN_STYLE = Automatic;
				CURRENT_PROJECT_VERSION = 1;
				DEVELOPMENT_TEAM = K2J8PYZW38;
				GENERATE_INFOPLIST_FILE = YES;
				INFOPLIST_FILE = MovieApp/Info.plist;
				INFOPLIST_KEY_UIApplicationSupportsIndirectInputEvents = YES;
				INFOPLIST_KEY_UILaunchStoryboardName = LaunchScreen;
				INFOPLIST_KEY_UIMainStoryboardFile = Main;
				INFOPLIST_KEY_UISupportedInterfaceOrientations_iPad = "UIInterfaceOrientationPortrait UIInterfaceOrientationPortraitUpsideDown UIInterfaceOrientationLandscapeLeft UIInterfaceOrientationLandscapeRight";
				INFOPLIST_KEY_UISupportedInterfaceOrientations_iPhone = "UIInterfaceOrientationPortrait UIInterfaceOrientationLandscapeLeft UIInterfaceOrientationLandscapeRight";
				LD_RUNPATH_SEARCH_PATHS = (
					"$(inherited)",
					"@executable_path/Frameworks",
				);
				MARKETING_VERSION = 1.0;
				PRODUCT_BUNDLE_IDENTIFIER = com.bahar.MovieApp;
				PRODUCT_NAME = "$(TARGET_NAME)";
				SWIFT_EMIT_LOC_STRINGS = YES;
				SWIFT_VERSION = 5.0;
				TARGETED_DEVICE_FAMILY = "1,2";
			};
			name = Debug;
		};
		0CC3D3062B7BBA1D001FF10A /* Release */ = {
			isa = XCBuildConfiguration;
			buildSettings = {
				ASSETCATALOG_COMPILER_APPICON_NAME = AppIcon;
				ASSETCATALOG_COMPILER_GLOBAL_ACCENT_COLOR_NAME = AccentColor;
				CODE_SIGN_STYLE = Automatic;
				CURRENT_PROJECT_VERSION = 1;
				DEVELOPMENT_TEAM = K2J8PYZW38;
				GENERATE_INFOPLIST_FILE = YES;
				INFOPLIST_FILE = MovieApp/Info.plist;
				INFOPLIST_KEY_UIApplicationSupportsIndirectInputEvents = YES;
				INFOPLIST_KEY_UILaunchStoryboardName = LaunchScreen;
				INFOPLIST_KEY_UIMainStoryboardFile = Main;
				INFOPLIST_KEY_UISupportedInterfaceOrientations_iPad = "UIInterfaceOrientationPortrait UIInterfaceOrientationPortraitUpsideDown UIInterfaceOrientationLandscapeLeft UIInterfaceOrientationLandscapeRight";
				INFOPLIST_KEY_UISupportedInterfaceOrientations_iPhone = "UIInterfaceOrientationPortrait UIInterfaceOrientationLandscapeLeft UIInterfaceOrientationLandscapeRight";
				LD_RUNPATH_SEARCH_PATHS = (
					"$(inherited)",
					"@executable_path/Frameworks",
				);
				MARKETING_VERSION = 1.0;
				PRODUCT_BUNDLE_IDENTIFIER = com.bahar.MovieApp;
				PRODUCT_NAME = "$(TARGET_NAME)";
				SWIFT_EMIT_LOC_STRINGS = YES;
				SWIFT_VERSION = 5.0;
				TARGETED_DEVICE_FAMILY = "1,2";
			};
			name = Release;
		};
		0CC3D3082B7BBA1D001FF10A /* Debug */ = {
			isa = XCBuildConfiguration;
			buildSettings = {
				ALWAYS_EMBED_SWIFT_STANDARD_LIBRARIES = YES;
				BUNDLE_LOADER = "$(TEST_HOST)";
				CODE_SIGN_STYLE = Automatic;
				CURRENT_PROJECT_VERSION = 1;
				DEVELOPMENT_TEAM = K2J8PYZW38;
				GENERATE_INFOPLIST_FILE = YES;
				IPHONEOS_DEPLOYMENT_TARGET = 17.2;
				MARKETING_VERSION = 1.0;
				PRODUCT_BUNDLE_IDENTIFIER = com.bahar.MovieAppTests;
				PRODUCT_NAME = "$(TARGET_NAME)";
				SWIFT_EMIT_LOC_STRINGS = NO;
				SWIFT_VERSION = 5.0;
				TARGETED_DEVICE_FAMILY = "1,2";
				TEST_HOST = "$(BUILT_PRODUCTS_DIR)/MovieApp.app/$(BUNDLE_EXECUTABLE_FOLDER_PATH)/MovieApp";
			};
			name = Debug;
		};
		0CC3D3092B7BBA1D001FF10A /* Release */ = {
			isa = XCBuildConfiguration;
			buildSettings = {
				ALWAYS_EMBED_SWIFT_STANDARD_LIBRARIES = YES;
				BUNDLE_LOADER = "$(TEST_HOST)";
				CODE_SIGN_STYLE = Automatic;
				CURRENT_PROJECT_VERSION = 1;
				DEVELOPMENT_TEAM = K2J8PYZW38;
				GENERATE_INFOPLIST_FILE = YES;
				IPHONEOS_DEPLOYMENT_TARGET = 17.2;
				MARKETING_VERSION = 1.0;
				PRODUCT_BUNDLE_IDENTIFIER = com.bahar.MovieAppTests;
				PRODUCT_NAME = "$(TARGET_NAME)";
				SWIFT_EMIT_LOC_STRINGS = NO;
				SWIFT_VERSION = 5.0;
				TARGETED_DEVICE_FAMILY = "1,2";
				TEST_HOST = "$(BUILT_PRODUCTS_DIR)/MovieApp.app/$(BUNDLE_EXECUTABLE_FOLDER_PATH)/MovieApp";
			};
			name = Release;
		};
		0CC3D30B2B7BBA1D001FF10A /* Debug */ = {
			isa = XCBuildConfiguration;
			buildSettings = {
				ALWAYS_EMBED_SWIFT_STANDARD_LIBRARIES = YES;
				CODE_SIGN_STYLE = Automatic;
				CURRENT_PROJECT_VERSION = 1;
				DEVELOPMENT_TEAM = K2J8PYZW38;
				GENERATE_INFOPLIST_FILE = YES;
				MARKETING_VERSION = 1.0;
				PRODUCT_BUNDLE_IDENTIFIER = com.bahar.MovieAppUITests;
				PRODUCT_NAME = "$(TARGET_NAME)";
				SWIFT_EMIT_LOC_STRINGS = NO;
				SWIFT_VERSION = 5.0;
				TARGETED_DEVICE_FAMILY = "1,2";
				TEST_TARGET_NAME = MovieApp;
			};
			name = Debug;
		};
		0CC3D30C2B7BBA1D001FF10A /* Release */ = {
			isa = XCBuildConfiguration;
			buildSettings = {
				ALWAYS_EMBED_SWIFT_STANDARD_LIBRARIES = YES;
				CODE_SIGN_STYLE = Automatic;
				CURRENT_PROJECT_VERSION = 1;
				DEVELOPMENT_TEAM = K2J8PYZW38;
				GENERATE_INFOPLIST_FILE = YES;
				MARKETING_VERSION = 1.0;
				PRODUCT_BUNDLE_IDENTIFIER = com.bahar.MovieAppUITests;
				PRODUCT_NAME = "$(TARGET_NAME)";
				SWIFT_EMIT_LOC_STRINGS = NO;
				SWIFT_VERSION = 5.0;
				TARGETED_DEVICE_FAMILY = "1,2";
				TEST_TARGET_NAME = MovieApp;
			};
			name = Release;
		};
/* End XCBuildConfiguration section */

/* Begin XCConfigurationList section */
		0CC3D2D52B7BBA1B001FF10A /* Build configuration list for PBXProject "MovieApp" */ = {
			isa = XCConfigurationList;
			buildConfigurations = (
				0CC3D3022B7BBA1D001FF10A /* Debug */,
				0CC3D3032B7BBA1D001FF10A /* Release */,
			);
			defaultConfigurationIsVisible = 0;
			defaultConfigurationName = Release;
		};
		0CC3D3042B7BBA1D001FF10A /* Build configuration list for PBXNativeTarget "MovieApp" */ = {
			isa = XCConfigurationList;
			buildConfigurations = (
				0CC3D3052B7BBA1D001FF10A /* Debug */,
				0CC3D3062B7BBA1D001FF10A /* Release */,
			);
			defaultConfigurationIsVisible = 0;
			defaultConfigurationName = Release;
		};
		0CC3D3072B7BBA1D001FF10A /* Build configuration list for PBXNativeTarget "MovieAppTests" */ = {
			isa = XCConfigurationList;
			buildConfigurations = (
				0CC3D3082B7BBA1D001FF10A /* Debug */,
				0CC3D3092B7BBA1D001FF10A /* Release */,
			);
			defaultConfigurationIsVisible = 0;
			defaultConfigurationName = Release;
		};
		0CC3D30A2B7BBA1D001FF10A /* Build configuration list for PBXNativeTarget "MovieAppUITests" */ = {
			isa = XCConfigurationList;
			buildConfigurations = (
				0CC3D30B2B7BBA1D001FF10A /* Debug */,
				0CC3D30C2B7BBA1D001FF10A /* Release */,
			);
			defaultConfigurationIsVisible = 0;
			defaultConfigurationName = Release;
		};
/* End XCConfigurationList section */
	};
	rootObject = 0CC3D2D22B7BBA1B001FF10A /* Project object */;
}
