// !$*UTF8*$!
{
	archiveVersion = 1;
	classes = {
	};
	objectVersion = 56;
	objects = {

/* Begin PBXBuildFile section */
		0CC3D2DE2B7BBA1B001FF10A /* AppDelegate.swift in Sources */ = {isa = PBXBuildFile; fileRef = 0CC3D2DD2B7BBA1B001FF10A /* AppDelegate.swift */; };
		0CC3D2E02B7BBA1B001FF10A /* SceneDelegate.swift in Sources */ = {isa = PBXBuildFile; fileRef = 0CC3D2DF2B7BBA1B001FF10A /* SceneDelegate.swift */; };
		0CC3D2E22B7BBA1B001FF10A /* ViewController.swift in Sources */ = {isa = PBXBuildFile; fileRef = 0CC3D2E12B7BBA1B001FF10A /* ViewController.swift */; };
		0CC3D2E52B7BBA1B001FF10A /* Main.storyboard in Resources */ = {isa = PBXBuildFile; fileRef = 0CC3D2E32B7BBA1B001FF10A /* Main.storyboard */; };
		0CC3D2E72B7BBA1D001FF10A /* Assets.xcassets in Resources */ = {isa = PBXBuildFile; fileRef = 0CC3D2E62B7BBA1D001FF10A /* Assets.xcassets */; };
		0CC3D2EA2B7BBA1D001FF10A /* LaunchScreen.storyboard in Resources */ = {isa = PBXBuildFile; fileRef = 0CC3D2E82B7BBA1D001FF10A /* LaunchScreen.storyboard */; };
		0CC3D2F52B7BBA1D001FF10A /* MovieAppTests.swift in Sources */ = {isa = PBXBuildFile; fileRef = 0CC3D2F42B7BBA1D001FF10A /* MovieAppTests.swift */; };
		0CC3D2FF2B7BBA1D001FF10A /* MovieAppUITests.swift in Sources */ = {isa = PBXBuildFile; fileRef = 0CC3D2FE2B7BBA1D001FF10A /* MovieAppUITests.swift */; };
		0CC3D3012B7BBA1D001FF10A /* MovieAppUITestsLaunchTests.swift in Sources */ = {isa = PBXBuildFile; fileRef = 0CC3D3002B7BBA1D001FF10A /* MovieAppUITestsLaunchTests.swift */; };
		0CC3D3162B7E1620001FF10A /* MovieAppTabbarViewController.swift in Sources */ = {isa = PBXBuildFile; fileRef = 0CC3D3152B7E1620001FF10A /* MovieAppTabbarViewController.swift */; };
		0CC3D3182B7E16C8001FF10A /* SideMenuTableViewController.swift in Sources */ = {isa = PBXBuildFile; fileRef = 0CC3D3172B7E16C8001FF10A /* SideMenuTableViewController.swift */; };
		0CC3D3222B7E1BEE001FF10A /* MovieAppButton.swift in Sources */ = {isa = PBXBuildFile; fileRef = 0CC3D3212B7E1BEE001FF10A /* MovieAppButton.swift */; };
		0CC3D3242B7E1C3F001FF10A /* SideAtributtedBars.swift in Sources */ = {isa = PBXBuildFile; fileRef = 0CC3D3232B7E1C3F001FF10A /* SideAtributtedBars.swift */; };
		0CC3D3262B7E1D96001FF10A /* MovieAppColors.swift in Sources */ = {isa = PBXBuildFile; fileRef = 0CC3D3252B7E1D96001FF10A /* MovieAppColors.swift */; };
		0CC3D3282B7E1DB5001FF10A /* MovieAppIcons.swift in Sources */ = {isa = PBXBuildFile; fileRef = 0CC3D3272B7E1DB5001FF10A /* MovieAppIcons.swift */; };
		0CC3D32A2B7E2119001FF10A /* MovieListCordinatoor.swift in Sources */ = {isa = PBXBuildFile; fileRef = 0CC3D3292B7E2119001FF10A /* MovieListCordinatoor.swift */; };
		0CC3D3322B7E2179001FF10A /* SeriesListCordinatoor.swift in Sources */ = {isa = PBXBuildFile; fileRef = 0CC3D3312B7E2179001FF10A /* SeriesListCordinatoor.swift */; };
		655FBBA23F4582E7F38E5B48 /* Pods_MovieAppTests.framework in Frameworks */ = {isa = PBXBuildFile; fileRef = 6A086F20A1E67A9E77AB2FE6 /* Pods_MovieAppTests.framework */; };
		78486F138A51488E9D16D9A1 /* Pods_MovieApp_MovieAppUITests.framework in Frameworks */ = {isa = PBXBuildFile; fileRef = 95D8BE658022818DF7CAE069 /* Pods_MovieApp_MovieAppUITests.framework */; };
		78529FA036FBEEEA7C121B3E /* Pods_MovieApp.framework in Frameworks */ = {isa = PBXBuildFile; fileRef = 31AA382E97DB313F008EF2D1 /* Pods_MovieApp.framework */; };
/* End PBXBuildFile section */

/* Begin PBXContainerItemProxy section */
		0CC3D2F12B7BBA1D001FF10A /* PBXContainerItemProxy */ = {
			isa = PBXContainerItemProxy;
			containerPortal = 0CC3D2D22B7BBA1B001FF10A /* Project object */;
			proxyType = 1;
			remoteGlobalIDString = 0CC3D2D92B7BBA1B001FF10A;
			remoteInfo = MovieApp;
		};
		0CC3D2FB2B7BBA1D001FF10A /* PBXContainerItemProxy */ = {
			isa = PBXContainerItemProxy;
			containerPortal = 0CC3D2D22B7BBA1B001FF10A /* Project object */;
			proxyType = 1;
			remoteGlobalIDString = 0CC3D2D92B7BBA1B001FF10A;
			remoteInfo = MovieApp;
		};
/* End PBXContainerItemProxy section */

/* Begin PBXFileReference section */
		0CC3D2DA2B7BBA1B001FF10A /* MovieApp.app */ = {isa = PBXFileReference; explicitFileType = wrapper.application; includeInIndex = 0; path = MovieApp.app; sourceTree = BUILT_PRODUCTS_DIR; };
		0CC3D2DD2B7BBA1B001FF10A /* AppDelegate.swift */ = {isa = PBXFileReference; lastKnownFileType = sourcecode.swift; path = AppDelegate.swift; sourceTree = "<group>"; };
		0CC3D2DF2B7BBA1B001FF10A /* SceneDelegate.swift */ = {isa = PBXFileReference; lastKnownFileType = sourcecode.swift; path = SceneDelegate.swift; sourceTree = "<group>"; };
		0CC3D2E12B7BBA1B001FF10A /* ViewController.swift */ = {isa = PBXFileReference; lastKnownFileType = sourcecode.swift; path = ViewController.swift; sourceTree = "<group>"; };
		0CC3D2E42B7BBA1B001FF10A /* Base */ = {isa = PBXFileReference; lastKnownFileType = file.storyboard; name = Base; path = Base.lproj/Main.storyboard; sourceTree = "<group>"; };
		0CC3D2E62B7BBA1D001FF10A /* Assets.xcassets */ = {isa = PBXFileReference; lastKnownFileType = folder.assetcatalog; path = Assets.xcassets; sourceTree = "<group>"; };
		0CC3D2E92B7BBA1D001FF10A /* Base */ = {isa = PBXFileReference; lastKnownFileType = file.storyboard; name = Base; path = Base.lproj/LaunchScreen.storyboard; sourceTree = "<group>"; };
		0CC3D2EB2B7BBA1D001FF10A /* Info.plist */ = {isa = PBXFileReference; lastKnownFileType = text.plist.xml; name = Info.plist; path = Utilities/Info.plist; sourceTree = "<group>"; };
		0CC3D2F02B7BBA1D001FF10A /* MovieAppTests.xctest */ = {isa = PBXFileReference; explicitFileType = wrapper.cfbundle; includeInIndex = 0; path = MovieAppTests.xctest; sourceTree = BUILT_PRODUCTS_DIR; };
		0CC3D2F42B7BBA1D001FF10A /* MovieAppTests.swift */ = {isa = PBXFileReference; lastKnownFileType = sourcecode.swift; path = MovieAppTests.swift; sourceTree = "<group>"; };
		0CC3D2FA2B7BBA1D001FF10A /* MovieAppUITests.xctest */ = {isa = PBXFileReference; explicitFileType = wrapper.cfbundle; includeInIndex = 0; path = MovieAppUITests.xctest; sourceTree = BUILT_PRODUCTS_DIR; };
		0CC3D2FE2B7BBA1D001FF10A /* MovieAppUITests.swift */ = {isa = PBXFileReference; lastKnownFileType = sourcecode.swift; path = MovieAppUITests.swift; sourceTree = "<group>"; };
		0CC3D3002B7BBA1D001FF10A /* MovieAppUITestsLaunchTests.swift */ = {isa = PBXFileReference; lastKnownFileType = sourcecode.swift; path = MovieAppUITestsLaunchTests.swift; sourceTree = "<group>"; };
		0CC3D3152B7E1620001FF10A /* MovieAppTabbarViewController.swift */ = {isa = PBXFileReference; lastKnownFileType = sourcecode.swift; path = MovieAppTabbarViewController.swift; sourceTree = "<group>"; };
		0CC3D3172B7E16C8001FF10A /* SideMenuTableViewController.swift */ = {isa = PBXFileReference; lastKnownFileType = sourcecode.swift; path = SideMenuTableViewController.swift; sourceTree = "<group>"; };
		0CC3D3212B7E1BEE001FF10A /* MovieAppButton.swift */ = {isa = PBXFileReference; lastKnownFileType = sourcecode.swift; path = MovieAppButton.swift; sourceTree = "<group>"; };
		0CC3D3232B7E1C3F001FF10A /* SideAtributtedBars.swift */ = {isa = PBXFileReference; lastKnownFileType = sourcecode.swift; path = SideAtributtedBars.swift; sourceTree = "<group>"; };
		0CC3D3252B7E1D96001FF10A /* MovieAppColors.swift */ = {isa = PBXFileReference; lastKnownFileType = sourcecode.swift; path = MovieAppColors.swift; sourceTree = "<group>"; };
		0CC3D3272B7E1DB5001FF10A /* MovieAppIcons.swift */ = {isa = PBXFileReference; lastKnownFileType = sourcecode.swift; path = MovieAppIcons.swift; sourceTree = "<group>"; };
		0CC3D3292B7E2119001FF10A /* MovieListCordinatoor.swift */ = {isa = PBXFileReference; lastKnownFileType = sourcecode.swift; path = MovieListCordinatoor.swift; sourceTree = "<group>"; };
		0CC3D3312B7E2179001FF10A /* SeriesListCordinatoor.swift */ = {isa = PBXFileReference; lastKnownFileType = sourcecode.swift; path = SeriesListCordinatoor.swift; sourceTree = "<group>"; };
		0F70EE4744965CFAE3D93811 /* Pods-MovieAppTests.release.xcconfig */ = {isa = PBXFileReference; includeInIndex = 1; lastKnownFileType = text.xcconfig; name = "Pods-MovieAppTests.release.xcconfig"; path = "Target Support Files/Pods-MovieAppTests/Pods-MovieAppTests.release.xcconfig"; sourceTree = "<group>"; };
		31AA382E97DB313F008EF2D1 /* Pods_MovieApp.framework */ = {isa = PBXFileReference; explicitFileType = wrapper.framework; includeInIndex = 0; path = Pods_MovieApp.framework; sourceTree = BUILT_PRODUCTS_DIR; };
		4F5F336C8500BC60FB17F747 /* Pods-MovieApp-MovieAppUITests.release.xcconfig */ = {isa = PBXFileReference; includeInIndex = 1; lastKnownFileType = text.xcconfig; name = "Pods-MovieApp-MovieAppUITests.release.xcconfig"; path = "Target Support Files/Pods-MovieApp-MovieAppUITests/Pods-MovieApp-MovieAppUITests.release.xcconfig"; sourceTree = "<group>"; };
		5E2EDF750977791E0E92E37D /* Pods-MovieApp-MovieAppUITests.debug.xcconfig */ = {isa = PBXFileReference; includeInIndex = 1; lastKnownFileType = text.xcconfig; name = "Pods-MovieApp-MovieAppUITests.debug.xcconfig"; path = "Target Support Files/Pods-MovieApp-MovieAppUITests/Pods-MovieApp-MovieAppUITests.debug.xcconfig"; sourceTree = "<group>"; };
		6A086F20A1E67A9E77AB2FE6 /* Pods_MovieAppTests.framework */ = {isa = PBXFileReference; explicitFileType = wrapper.framework; includeInIndex = 0; path = Pods_MovieAppTests.framework; sourceTree = BUILT_PRODUCTS_DIR; };
		9144B2A5450F16F850C3579E /* Pods-MovieAppTests.debug.xcconfig */ = {isa = PBXFileReference; includeInIndex = 1; lastKnownFileType = text.xcconfig; name = "Pods-MovieAppTests.debug.xcconfig"; path = "Target Support Files/Pods-MovieAppTests/Pods-MovieAppTests.debug.xcconfig"; sourceTree = "<group>"; };
		95ADB8131480CADA15648685 /* Pods-MovieApp.release.xcconfig */ = {isa = PBXFileReference; includeInIndex = 1; lastKnownFileType = text.xcconfig; name = "Pods-MovieApp.release.xcconfig"; path = "Target Support Files/Pods-MovieApp/Pods-MovieApp.release.xcconfig"; sourceTree = "<group>"; };
		95D8BE658022818DF7CAE069 /* Pods_MovieApp_MovieAppUITests.framework */ = {isa = PBXFileReference; explicitFileType = wrapper.framework; includeInIndex = 0; path = Pods_MovieApp_MovieAppUITests.framework; sourceTree = BUILT_PRODUCTS_DIR; };
		BFA7CA4C44D61BE48F716150 /* Pods-MovieApp.debug.xcconfig */ = {isa = PBXFileReference; includeInIndex = 1; lastKnownFileType = text.xcconfig; name = "Pods-MovieApp.debug.xcconfig"; path = "Target Support Files/Pods-MovieApp/Pods-MovieApp.debug.xcconfig"; sourceTree = "<group>"; };
/* End PBXFileReference section */

/* Begin PBXFrameworksBuildPhase section */
		0CC3D2D72B7BBA1B001FF10A /* Frameworks */ = {
			isa = PBXFrameworksBuildPhase;
			buildActionMask = 2147483647;
			files = (
				78529FA036FBEEEA7C121B3E /* Pods_MovieApp.framework in Frameworks */,
			);
			runOnlyForDeploymentPostprocessing = 0;
		};
		0CC3D2ED2B7BBA1D001FF10A /* Frameworks */ = {
			isa = PBXFrameworksBuildPhase;
			buildActionMask = 2147483647;
			files = (
				655FBBA23F4582E7F38E5B48 /* Pods_MovieAppTests.framework in Frameworks */,
			);
			runOnlyForDeploymentPostprocessing = 0;
		};
		0CC3D2F72B7BBA1D001FF10A /* Frameworks */ = {
			isa = PBXFrameworksBuildPhase;
			buildActionMask = 2147483647;
			files = (
				78486F138A51488E9D16D9A1 /* Pods_MovieApp_MovieAppUITests.framework in Frameworks */,
			);
			runOnlyForDeploymentPostprocessing = 0;
		};
/* End PBXFrameworksBuildPhase section */

/* Begin PBXGroup section */
		0CC3D2D12B7BBA1B001FF10A = {
			isa = PBXGroup;
			children = (
				0CC3D2DC2B7BBA1B001FF10A /* MovieApp */,
				0CC3D2F32B7BBA1D001FF10A /* MovieAppTests */,
				0CC3D2FD2B7BBA1D001FF10A /* MovieAppUITests */,
				0CC3D2DB2B7BBA1B001FF10A /* Products */,
				C70E8E874FF04113E30C8194 /* Pods */,
				1AF8B9F93585BD078AEA03A0 /* Frameworks */,
			);
			sourceTree = "<group>";
		};
		0CC3D2DB2B7BBA1B001FF10A /* Products */ = {
			isa = PBXGroup;
			children = (
				0CC3D2DA2B7BBA1B001FF10A /* MovieApp.app */,
				0CC3D2F02B7BBA1D001FF10A /* MovieAppTests.xctest */,
				0CC3D2FA2B7BBA1D001FF10A /* MovieAppUITests.xctest */,
			);
			name = Products;
			sourceTree = "<group>";
		};
		0CC3D2DC2B7BBA1B001FF10A /* MovieApp */ = {
			isa = PBXGroup;
			children = (
				0CC3D3352B7F97A3001FF10A /* Assets */,
				0CC3D3142B7E15ED001FF10A /* Services */,
				0CC3D3132B7E15D2001FF10A /* Components */,
				0CC3D30E2B7E11B9001FF10A /* Modules */,
				0CC3D30D2B7E11A1001FF10A /* Utilities */,
				0CC3D2EB2B7BBA1D001FF10A /* Info.plist */,
			);
			path = MovieApp;
			sourceTree = "<group>";
		};
		0CC3D2F32B7BBA1D001FF10A /* MovieAppTests */ = {
			isa = PBXGroup;
			children = (
				0CC3D2F42B7BBA1D001FF10A /* MovieAppTests.swift */,
			);
			path = MovieAppTests;
			sourceTree = "<group>";
		};
		0CC3D2FD2B7BBA1D001FF10A /* MovieAppUITests */ = {
			isa = PBXGroup;
			children = (
				0CC3D2FE2B7BBA1D001FF10A /* MovieAppUITests.swift */,
				0CC3D3002B7BBA1D001FF10A /* MovieAppUITestsLaunchTests.swift */,
			);
			path = MovieAppUITests;
			sourceTree = "<group>";
		};
		0CC3D30D2B7E11A1001FF10A /* Utilities */ = {
			isa = PBXGroup;
			children = (
			);
			path = Utilities;
			sourceTree = "<group>";
		};
		0CC3D30E2B7E11B9001FF10A /* Modules */ = {
			isa = PBXGroup;
			children = (
				0CC3D3342B7F9781001FF10A /* Application */,
				0CC3D3202B7E1BA2001FF10A /* DetailView */,
				0CC3D3192B7E16D9001FF10A /* SearchMovies */,
				0CC3D3112B7E159D001FF10A /* Explore */,
				0CC3D30F2B7E11D5001FF10A /* MoviesList */,
				0CC3D3102B7E124B001FF10A /* SeriesList */,
				0CC3D3122B7E15AE001FF10A /* Setting */,
			);
			path = Modules;
			sourceTree = "<group>";
		};
		0CC3D30F2B7E11D5001FF10A /* MoviesList */ = {
			isa = PBXGroup;
			children = (
				0CC3D3292B7E2119001FF10A /* MovieListCordinatoor.swift */,
				0CC3D32D2B7E2134001FF10A /* Model */,
				0CC3D32C2B7E2128001FF10A /* ViewModel */,
				0CC3D32B2B7E2122001FF10A /* View */,
				0CC3D2E12B7BBA1B001FF10A /* ViewController.swift */,
			);
			path = MoviesList;
			sourceTree = "<group>";
		};
		0CC3D3102B7E124B001FF10A /* SeriesList */ = {
			isa = PBXGroup;
			children = (
				0CC3D3312B7E2179001FF10A /* SeriesListCordinatoor.swift */,
				0CC3D3302B7E2168001FF10A /* Model */,
				0CC3D32F2B7E215E001FF10A /* ViewModel */,
				0CC3D32E2B7E2159001FF10A /* View */,
			);
			path = SeriesList;
			sourceTree = "<group>";
		};
		0CC3D3112B7E159D001FF10A /* Explore */ = {
			isa = PBXGroup;
			children = (
				0CC3D31A2B7E1706001FF10A /* PopularUsers */,
			);
			path = Explore;
			sourceTree = "<group>";
		};
		0CC3D3122B7E15AE001FF10A /* Setting */ = {
			isa = PBXGroup;
			children = (
				0CC3D31E2B7E175B001FF10A /* AppearanceView */,
				0CC3D31C2B7E173B001FF10A /* EmailView */,
				0CC3D31F2B7E177E001FF10A /* Notification */,
				0CC3D31D2B7E1747001FF10A /* PasswordView */,
				0CC3D31B2B7E172E001FF10A /* ProfileView */,
			);
			path = Setting;
			sourceTree = "<group>";
		};
		0CC3D3132B7E15D2001FF10A /* Components */ = {
			isa = PBXGroup;
			children = (
				0CC3D3332B7F956F001FF10A /* UI */,
			);
			path = Components;
			sourceTree = "<group>";
		};
		0CC3D3142B7E15ED001FF10A /* Services */ = {
			isa = PBXGroup;
			children = (
			);
			path = Services;
			sourceTree = "<group>";
		};
		0CC3D3192B7E16D9001FF10A /* SearchMovies */ = {
			isa = PBXGroup;
			children = (
			);
			path = SearchMovies;
			sourceTree = "<group>";
		};
		0CC3D31A2B7E1706001FF10A /* PopularUsers */ = {
			isa = PBXGroup;
			children = (
			);
			path = PopularUsers;
			sourceTree = "<group>";
		};
		0CC3D31B2B7E172E001FF10A /* ProfileView */ = {
			isa = PBXGroup;
			children = (
			);
			path = ProfileView;
			sourceTree = "<group>";
		};
		0CC3D31C2B7E173B001FF10A /* EmailView */ = {
			isa = PBXGroup;
			children = (
			);
			path = EmailView;
			sourceTree = "<group>";
		};
		0CC3D31D2B7E1747001FF10A /* PasswordView */ = {
			isa = PBXGroup;
			children = (
			);
			path = PasswordView;
			sourceTree = "<group>";
		};
		0CC3D31E2B7E175B001FF10A /* AppearanceView */ = {
			isa = PBXGroup;
			children = (
			);
			path = AppearanceView;
			sourceTree = "<group>";
		};
		0CC3D31F2B7E177E001FF10A /* Notification */ = {
			isa = PBXGroup;
			children = (
			);
			path = Notification;
			sourceTree = "<group>";
		};
		0CC3D3202B7E1BA2001FF10A /* DetailView */ = {
			isa = PBXGroup;
			children = (
			);
			path = DetailView;
			sourceTree = "<group>";
		};
		0CC3D32B2B7E2122001FF10A /* View */ = {
			isa = PBXGroup;
			children = (
			);
			path = View;
			sourceTree = "<group>";
		};
		0CC3D32C2B7E2128001FF10A /* ViewModel */ = {
			isa = PBXGroup;
			children = (
			);
			path = ViewModel;
			sourceTree = "<group>";
		};
		0CC3D32D2B7E2134001FF10A /* Model */ = {
			isa = PBXGroup;
			children = (
			);
			path = Model;
			sourceTree = "<group>";
		};
		0CC3D32E2B7E2159001FF10A /* View */ = {
			isa = PBXGroup;
			children = (
			);
			path = View;
			sourceTree = "<group>";
		};
		0CC3D32F2B7E215E001FF10A /* ViewModel */ = {
			isa = PBXGroup;
			children = (
			);
			path = ViewModel;
			sourceTree = "<group>";
		};
		0CC3D3302B7E2168001FF10A /* Model */ = {
			isa = PBXGroup;
			children = (
			);
			path = Model;
			sourceTree = "<group>";
		};
		0CC3D3332B7F956F001FF10A /* UI */ = {
			isa = PBXGroup;
			children = (
				0CC3D3152B7E1620001FF10A /* MovieAppTabbarViewController.swift */,
				0CC3D3172B7E16C8001FF10A /* SideMenuTableViewController.swift */,
				0CC3D3212B7E1BEE001FF10A /* MovieAppButton.swift */,
				0CC3D3232B7E1C3F001FF10A /* SideAtributtedBars.swift */,
				0CC3D3252B7E1D96001FF10A /* MovieAppColors.swift */,
				0CC3D3272B7E1DB5001FF10A /* MovieAppIcons.swift */,
			);
			path = UI;
			sourceTree = "<group>";
		};
		0CC3D3342B7F9781001FF10A /* Application */ = {
			isa = PBXGroup;
			children = (
				0CC3D2DD2B7BBA1B001FF10A /* AppDelegate.swift */,
				0CC3D2DF2B7BBA1B001FF10A /* SceneDelegate.swift */,
			);
			path = Application;
			sourceTree = "<group>";
		};
		0CC3D3352B7F97A3001FF10A /* Assets */ = {
			isa = PBXGroup;
			children = (
				0CC3D2E62B7BBA1D001FF10A /* Assets.xcassets */,
				0CC3D2E32B7BBA1B001FF10A /* Main.storyboard */,
				0CC3D2E82B7BBA1D001FF10A /* LaunchScreen.storyboard */,
			);
			path = Assets;
			sourceTree = "<group>";
		};
		1AF8B9F93585BD078AEA03A0 /* Frameworks */ = {
			isa = PBXGroup;
			children = (
				31AA382E97DB313F008EF2D1 /* Pods_MovieApp.framework */,
				95D8BE658022818DF7CAE069 /* Pods_MovieApp_MovieAppUITests.framework */,
				6A086F20A1E67A9E77AB2FE6 /* Pods_MovieAppTests.framework */,
			);
			name = Frameworks;
			sourceTree = "<group>";
		};
		C70E8E874FF04113E30C8194 /* Pods */ = {
			isa = PBXGroup;
			children = (
				BFA7CA4C44D61BE48F716150 /* Pods-MovieApp.debug.xcconfig */,
				95ADB8131480CADA15648685 /* Pods-MovieApp.release.xcconfig */,
				5E2EDF750977791E0E92E37D /* Pods-MovieApp-MovieAppUITests.debug.xcconfig */,
				4F5F336C8500BC60FB17F747 /* Pods-MovieApp-MovieAppUITests.release.xcconfig */,
				9144B2A5450F16F850C3579E /* Pods-MovieAppTests.debug.xcconfig */,
				0F70EE4744965CFAE3D93811 /* Pods-MovieAppTests.release.xcconfig */,
			);
			path = Pods;
			sourceTree = "<group>";
		};
/* End PBXGroup section */

/* Begin PBXNativeTarget section */
		0CC3D2D92B7BBA1B001FF10A /* MovieApp */ = {
			isa = PBXNativeTarget;
			buildConfigurationList = 0CC3D3042B7BBA1D001FF10A /* Build configuration list for PBXNativeTarget "MovieApp" */;
			buildPhases = (
				067BE49F8E109C5ABDCB791C /* [CP] Check Pods Manifest.lock */,
				0CC3D2D62B7BBA1B001FF10A /* Sources */,
				0CC3D2D72B7BBA1B001FF10A /* Frameworks */,
				0CC3D2D82B7BBA1B001FF10A /* Resources */,
				F5FFF510F2FAFC4014BF0358 /* [CP] Embed Pods Frameworks */,
			);
			buildRules = (
			);
			dependencies = (
			);
			name = MovieApp;
			productName = MovieApp;
			productReference = 0CC3D2DA2B7BBA1B001FF10A /* MovieApp.app */;
			productType = "com.apple.product-type.application";
		};
		0CC3D2EF2B7BBA1D001FF10A /* MovieAppTests */ = {
			isa = PBXNativeTarget;
			buildConfigurationList = 0CC3D3072B7BBA1D001FF10A /* Build configuration list for PBXNativeTarget "MovieAppTests" */;
			buildPhases = (
				5A586F17FD001A443E5FC4C1 /* [CP] Check Pods Manifest.lock */,
				0CC3D2EC2B7BBA1D001FF10A /* Sources */,
				0CC3D2ED2B7BBA1D001FF10A /* Frameworks */,
				0CC3D2EE2B7BBA1D001FF10A /* Resources */,
			);
			buildRules = (
			);
			dependencies = (
				0CC3D2F22B7BBA1D001FF10A /* PBXTargetDependency */,
			);
			name = MovieAppTests;
			productName = MovieAppTests;
			productReference = 0CC3D2F02B7BBA1D001FF10A /* MovieAppTests.xctest */;
			productType = "com.apple.product-type.bundle.unit-test";
		};
		0CC3D2F92B7BBA1D001FF10A /* MovieAppUITests */ = {
			isa = PBXNativeTarget;
			buildConfigurationList = 0CC3D30A2B7BBA1D001FF10A /* Build configuration list for PBXNativeTarget "MovieAppUITests" */;
			buildPhases = (
				73F13E584056EC2E7AB15D56 /* [CP] Check Pods Manifest.lock */,
				0CC3D2F62B7BBA1D001FF10A /* Sources */,
				0CC3D2F72B7BBA1D001FF10A /* Frameworks */,
				0CC3D2F82B7BBA1D001FF10A /* Resources */,
				4F80D8BE6C66FC88EFF97971 /* [CP] Embed Pods Frameworks */,
			);
			buildRules = (
			);
			dependencies = (
				0CC3D2FC2B7BBA1D001FF10A /* PBXTargetDependency */,
			);
			name = MovieAppUITests;
			productName = MovieAppUITests;
			productReference = 0CC3D2FA2B7BBA1D001FF10A /* MovieAppUITests.xctest */;
			productType = "com.apple.product-type.bundle.ui-testing";
		};
/* End PBXNativeTarget section */

/* Begin PBXProject section */
		0CC3D2D22B7BBA1B001FF10A /* Project object */ = {
			isa = PBXProject;
			attributes = {
				BuildIndependentTargetsInParallel = 1;
				LastSwiftUpdateCheck = 1510;
				LastUpgradeCheck = 1510;
				TargetAttributes = {
					0CC3D2D92B7BBA1B001FF10A = {
						CreatedOnToolsVersion = 15.1;
					};
					0CC3D2EF2B7BBA1D001FF10A = {
						CreatedOnToolsVersion = 15.1;
						TestTargetID = 0CC3D2D92B7BBA1B001FF10A;
					};
					0CC3D2F92B7BBA1D001FF10A = {
						CreatedOnToolsVersion = 15.1;
						TestTargetID = 0CC3D2D92B7BBA1B001FF10A;
					};
				};
			};
			buildConfigurationList = 0CC3D2D52B7BBA1B001FF10A /* Build configuration list for PBXProject "MovieApp" */;
			compatibilityVersion = "Xcode 14.0";
			developmentRegion = en;
			hasScannedForEncodings = 0;
			knownRegions = (
				en,
				Base,
			);
			mainGroup = 0CC3D2D12B7BBA1B001FF10A;
			productRefGroup = 0CC3D2DB2B7BBA1B001FF10A /* Products */;
			projectDirPath = "";
			projectRoot = "";
			targets = (
				0CC3D2D92B7BBA1B001FF10A /* MovieApp */,
				0CC3D2EF2B7BBA1D001FF10A /* MovieAppTests */,
				0CC3D2F92B7BBA1D001FF10A /* MovieAppUITests */,
			);
		};
/* End PBXProject section */

/* Begin PBXResourcesBuildPhase section */
		0CC3D2D82B7BBA1B001FF10A /* Resources */ = {
			isa = PBXResourcesBuildPhase;
			buildActionMask = 2147483647;
			files = (
				0CC3D2EA2B7BBA1D001FF10A /* LaunchScreen.storyboard in Resources */,
				0CC3D2E72B7BBA1D001FF10A /* Assets.xcassets in Resources */,
				0CC3D2E52B7BBA1B001FF10A /* Main.storyboard in Resources */,
			);
			runOnlyForDeploymentPostprocessing = 0;
		};
		0CC3D2EE2B7BBA1D001FF10A /* Resources */ = {
			isa = PBXResourcesBuildPhase;
			buildActionMask = 2147483647;
			files = (
			);
			runOnlyForDeploymentPostprocessing = 0;
		};
		0CC3D2F82B7BBA1D001FF10A /* Resources */ = {
			isa = PBXResourcesBuildPhase;
			buildActionMask = 2147483647;
			files = (
			);
			runOnlyForDeploymentPostprocessing = 0;
		};
/* End PBXResourcesBuildPhase section */

/* Begin PBXShellScriptBuildPhase section */
		067BE49F8E109C5ABDCB791C /* [CP] Check Pods Manifest.lock */ = {
			isa = PBXShellScriptBuildPhase;
			buildActionMask = 2147483647;
			files = (
			);
			inputFileListPaths = (
			);
			inputPaths = (
				"${PODS_PODFILE_DIR_PATH}/Podfile.lock",
				"${PODS_ROOT}/Manifest.lock",
			);
			name = "[CP] Check Pods Manifest.lock";
			outputFileListPaths = (
			);
			outputPaths = (
				"$(DERIVED_FILE_DIR)/Pods-MovieApp-checkManifestLockResult.txt",
			);
			runOnlyForDeploymentPostprocessing = 0;
			shellPath = /bin/sh;
			shellScript = "diff \"${PODS_PODFILE_DIR_PATH}/Podfile.lock\" \"${PODS_ROOT}/Manifest.lock\" > /dev/null\nif [ $? != 0 ] ; then\n    # print error to STDERR\n    echo \"error: The sandbox is not in sync with the Podfile.lock. Run 'pod install' or update your CocoaPods installation.\" >&2\n    exit 1\nfi\n# This output is used by Xcode 'outputs' to avoid re-running this script phase.\necho \"SUCCESS\" > \"${SCRIPT_OUTPUT_FILE_0}\"\n";
			showEnvVarsInLog = 0;
		};
		4F80D8BE6C66FC88EFF97971 /* [CP] Embed Pods Frameworks */ = {
			isa = PBXShellScriptBuildPhase;
			buildActionMask = 2147483647;
			files = (
			);
			inputFileListPaths = (
				"${PODS_ROOT}/Target Support Files/Pods-MovieApp-MovieAppUITests/Pods-MovieApp-MovieAppUITests-frameworks-${CONFIGURATION}-input-files.xcfilelist",
			);
			name = "[CP] Embed Pods Frameworks";
			outputFileListPaths = (
				"${PODS_ROOT}/Target Support Files/Pods-MovieApp-MovieAppUITests/Pods-MovieApp-MovieAppUITests-frameworks-${CONFIGURATION}-output-files.xcfilelist",
			);
			runOnlyForDeploymentPostprocessing = 0;
			shellPath = /bin/sh;
			shellScript = "\"${PODS_ROOT}/Target Support Files/Pods-MovieApp-MovieAppUITests/Pods-MovieApp-MovieAppUITests-frameworks.sh\"\n";
			showEnvVarsInLog = 0;
		};
		5A586F17FD001A443E5FC4C1 /* [CP] Check Pods Manifest.lock */ = {
			isa = PBXShellScriptBuildPhase;
			buildActionMask = 2147483647;
			files = (
			);
			inputFileListPaths = (
			);
			inputPaths = (
				"${PODS_PODFILE_DIR_PATH}/Podfile.lock",
				"${PODS_ROOT}/Manifest.lock",
			);
			name = "[CP] Check Pods Manifest.lock";
			outputFileListPaths = (
			);
			outputPaths = (
				"$(DERIVED_FILE_DIR)/Pods-MovieAppTests-checkManifestLockResult.txt",
			);
			runOnlyForDeploymentPostprocessing = 0;
			shellPath = /bin/sh;
			shellScript = "diff \"${PODS_PODFILE_DIR_PATH}/Podfile.lock\" \"${PODS_ROOT}/Manifest.lock\" > /dev/null\nif [ $? != 0 ] ; then\n    # print error to STDERR\n    echo \"error: The sandbox is not in sync with the Podfile.lock. Run 'pod install' or update your CocoaPods installation.\" >&2\n    exit 1\nfi\n# This output is used by Xcode 'outputs' to avoid re-running this script phase.\necho \"SUCCESS\" > \"${SCRIPT_OUTPUT_FILE_0}\"\n";
			showEnvVarsInLog = 0;
		};
		73F13E584056EC2E7AB15D56 /* [CP] Check Pods Manifest.lock */ = {
			isa = PBXShellScriptBuildPhase;
			buildActionMask = 2147483647;
			files = (
			);
			inputFileListPaths = (
			);
			inputPaths = (
				"${PODS_PODFILE_DIR_PATH}/Podfile.lock",
				"${PODS_ROOT}/Manifest.lock",
			);
			name = "[CP] Check Pods Manifest.lock";
			outputFileListPaths = (
			);
			outputPaths = (
				"$(DERIVED_FILE_DIR)/Pods-MovieApp-MovieAppUITests-checkManifestLockResult.txt",
			);
			runOnlyForDeploymentPostprocessing = 0;
			shellPath = /bin/sh;
			shellScript = "diff \"${PODS_PODFILE_DIR_PATH}/Podfile.lock\" \"${PODS_ROOT}/Manifest.lock\" > /dev/null\nif [ $? != 0 ] ; then\n    # print error to STDERR\n    echo \"error: The sandbox is not in sync with the Podfile.lock. Run 'pod install' or update your CocoaPods installation.\" >&2\n    exit 1\nfi\n# This output is used by Xcode 'outputs' to avoid re-running this script phase.\necho \"SUCCESS\" > \"${SCRIPT_OUTPUT_FILE_0}\"\n";
			showEnvVarsInLog = 0;
		};
		F5FFF510F2FAFC4014BF0358 /* [CP] Embed Pods Frameworks */ = {
			isa = PBXShellScriptBuildPhase;
			buildActionMask = 2147483647;
			files = (
			);
			inputFileListPaths = (
				"${PODS_ROOT}/Target Support Files/Pods-MovieApp/Pods-MovieApp-frameworks-${CONFIGURATION}-input-files.xcfilelist",
			);
			name = "[CP] Embed Pods Frameworks";
			outputFileListPaths = (
				"${PODS_ROOT}/Target Support Files/Pods-MovieApp/Pods-MovieApp-frameworks-${CONFIGURATION}-output-files.xcfilelist",
			);
			runOnlyForDeploymentPostprocessing = 0;
			shellPath = /bin/sh;
			shellScript = "\"${PODS_ROOT}/Target Support Files/Pods-MovieApp/Pods-MovieApp-frameworks.sh\"\n";
			showEnvVarsInLog = 0;
		};
/* End PBXShellScriptBuildPhase section */

/* Begin PBXSourcesBuildPhase section */
		0CC3D2D62B7BBA1B001FF10A /* Sources */ = {
			isa = PBXSourcesBuildPhase;
			buildActionMask = 2147483647;
			files = (
				0CC3D2E22B7BBA1B001FF10A /* ViewController.swift in Sources */,
				0CC3D3162B7E1620001FF10A /* MovieAppTabbarViewController.swift in Sources */,
				0CC3D3262B7E1D96001FF10A /* MovieAppColors.swift in Sources */,
				0CC3D3282B7E1DB5001FF10A /* MovieAppIcons.swift in Sources */,
				0CC3D2DE2B7BBA1B001FF10A /* AppDelegate.swift in Sources */,
				0CC3D3322B7E2179001FF10A /* SeriesListCordinatoor.swift in Sources */,
				0CC3D32A2B7E2119001FF10A /* MovieListCordinatoor.swift in Sources */,
				0CC3D2E02B7BBA1B001FF10A /* SceneDelegate.swift in Sources */,
				0CC3D3222B7E1BEE001FF10A /* MovieAppButton.swift in Sources */,
				0CC3D3242B7E1C3F001FF10A /* SideAtributtedBars.swift in Sources */,
				0CC3D3182B7E16C8001FF10A /* SideMenuTableViewController.swift in Sources */,
			);
			runOnlyForDeploymentPostprocessing = 0;
		};
		0CC3D2EC2B7BBA1D001FF10A /* Sources */ = {
			isa = PBXSourcesBuildPhase;
			buildActionMask = 2147483647;
			files = (
				0CC3D2F52B7BBA1D001FF10A /* MovieAppTests.swift in Sources */,
			);
			runOnlyForDeploymentPostprocessing = 0;
		};
		0CC3D2F62B7BBA1D001FF10A /* Sources */ = {
			isa = PBXSourcesBuildPhase;
			buildActionMask = 2147483647;
			files = (
				0CC3D3012B7BBA1D001FF10A /* MovieAppUITestsLaunchTests.swift in Sources */,
				0CC3D2FF2B7BBA1D001FF10A /* MovieAppUITests.swift in Sources */,
			);
			runOnlyForDeploymentPostprocessing = 0;
		};
/* End PBXSourcesBuildPhase section */

/* Begin PBXTargetDependency section */
		0CC3D2F22B7BBA1D001FF10A /* PBXTargetDependency */ = {
			isa = PBXTargetDependency;
			target = 0CC3D2D92B7BBA1B001FF10A /* MovieApp */;
			targetProxy = 0CC3D2F12B7BBA1D001FF10A /* PBXContainerItemProxy */;
		};
		0CC3D2FC2B7BBA1D001FF10A /* PBXTargetDependency */ = {
			isa = PBXTargetDependency;
			target = 0CC3D2D92B7BBA1B001FF10A /* MovieApp */;
			targetProxy = 0CC3D2FB2B7BBA1D001FF10A /* PBXContainerItemProxy */;
		};
/* End PBXTargetDependency section */

/* Begin PBXVariantGroup section */
		0CC3D2E32B7BBA1B001FF10A /* Main.storyboard */ = {
			isa = PBXVariantGroup;
			children = (
				0CC3D2E42B7BBA1B001FF10A /* Base */,
			);
			name = Main.storyboard;
			sourceTree = "<group>";
		};
		0CC3D2E82B7BBA1D001FF10A /* LaunchScreen.storyboard */ = {
			isa = PBXVariantGroup;
			children = (
				0CC3D2E92B7BBA1D001FF10A /* Base */,
			);
			name = LaunchScreen.storyboard;
			sourceTree = "<group>";
		};
/* End PBXVariantGroup section */

/* Begin XCBuildConfiguration section */
		0CC3D3022B7BBA1D001FF10A /* Debug */ = {
			isa = XCBuildConfiguration;
			buildSettings = {
				ALWAYS_SEARCH_USER_PATHS = NO;
				ASSETCATALOG_COMPILER_GENERATE_SWIFT_ASSET_SYMBOL_EXTENSIONS = YES;
				CLANG_ANALYZER_NONNULL = YES;
				CLANG_ANALYZER_NUMBER_OBJECT_CONVERSION = YES_AGGRESSIVE;
				CLANG_CXX_LANGUAGE_STANDARD = "gnu++20";
				CLANG_ENABLE_MODULES = YES;
				CLANG_ENABLE_OBJC_ARC = YES;
				CLANG_ENABLE_OBJC_WEAK = YES;
				CLANG_WARN_BLOCK_CAPTURE_AUTORELEASING = YES;
				CLANG_WARN_BOOL_CONVERSION = YES;
				CLANG_WARN_COMMA = YES;
				CLANG_WARN_CONSTANT_CONVERSION = YES;
				CLANG_WARN_DEPRECATED_OBJC_IMPLEMENTATIONS = YES;
				CLANG_WARN_DIRECT_OBJC_ISA_USAGE = YES_ERROR;
				CLANG_WARN_DOCUMENTATION_COMMENTS = YES;
				CLANG_WARN_EMPTY_BODY = YES;
				CLANG_WARN_ENUM_CONVERSION = YES;
				CLANG_WARN_INFINITE_RECURSION = YES;
				CLANG_WARN_INT_CONVERSION = YES;
				CLANG_WARN_NON_LITERAL_NULL_CONVERSION = YES;
				CLANG_WARN_OBJC_IMPLICIT_RETAIN_SELF = YES;
				CLANG_WARN_OBJC_LITERAL_CONVERSION = YES;
				CLANG_WARN_OBJC_ROOT_CLASS = YES_ERROR;
				CLANG_WARN_QUOTED_INCLUDE_IN_FRAMEWORK_HEADER = YES;
				CLANG_WARN_RANGE_LOOP_ANALYSIS = YES;
				CLANG_WARN_STRICT_PROTOTYPES = YES;
				CLANG_WARN_SUSPICIOUS_MOVE = YES;
				CLANG_WARN_UNGUARDED_AVAILABILITY = YES_AGGRESSIVE;
				CLANG_WARN_UNREACHABLE_CODE = YES;
				CLANG_WARN__DUPLICATE_METHOD_MATCH = YES;
				COPY_PHASE_STRIP = NO;
				DEBUG_INFORMATION_FORMAT = dwarf;
				ENABLE_STRICT_OBJC_MSGSEND = YES;
				ENABLE_TESTABILITY = YES;
				ENABLE_USER_SCRIPT_SANDBOXING = YES;
				GCC_C_LANGUAGE_STANDARD = gnu17;
				GCC_DYNAMIC_NO_PIC = NO;
				GCC_NO_COMMON_BLOCKS = YES;
				GCC_OPTIMIZATION_LEVEL = 0;
				GCC_PREPROCESSOR_DEFINITIONS = (
					"DEBUG=1",
					"$(inherited)",
				);
				GCC_WARN_64_TO_32_BIT_CONVERSION = YES;
				GCC_WARN_ABOUT_RETURN_TYPE = YES_ERROR;
				GCC_WARN_UNDECLARED_SELECTOR = YES;
				GCC_WARN_UNINITIALIZED_AUTOS = YES_AGGRESSIVE;
				GCC_WARN_UNUSED_FUNCTION = YES;
				GCC_WARN_UNUSED_VARIABLE = YES;
				IPHONEOS_DEPLOYMENT_TARGET = 13.0;
				LOCALIZATION_PREFERS_STRING_CATALOGS = YES;
				MTL_ENABLE_DEBUG_INFO = INCLUDE_SOURCE;
				MTL_FAST_MATH = YES;
				ONLY_ACTIVE_ARCH = YES;
				SDKROOT = iphoneos;
				SWIFT_ACTIVE_COMPILATION_CONDITIONS = "DEBUG $(inherited)";
				SWIFT_OPTIMIZATION_LEVEL = "-Onone";
			};
			name = Debug;
		};
		0CC3D3032B7BBA1D001FF10A /* Release */ = {
			isa = XCBuildConfiguration;
			buildSettings = {
				ALWAYS_SEARCH_USER_PATHS = NO;
				ASSETCATALOG_COMPILER_GENERATE_SWIFT_ASSET_SYMBOL_EXTENSIONS = YES;
				CLANG_ANALYZER_NONNULL = YES;
				CLANG_ANALYZER_NUMBER_OBJECT_CONVERSION = YES_AGGRESSIVE;
				CLANG_CXX_LANGUAGE_STANDARD = "gnu++20";
				CLANG_ENABLE_MODULES = YES;
				CLANG_ENABLE_OBJC_ARC = YES;
				CLANG_ENABLE_OBJC_WEAK = YES;
				CLANG_WARN_BLOCK_CAPTURE_AUTORELEASING = YES;
				CLANG_WARN_BOOL_CONVERSION = YES;
				CLANG_WARN_COMMA = YES;
				CLANG_WARN_CONSTANT_CONVERSION = YES;
				CLANG_WARN_DEPRECATED_OBJC_IMPLEMENTATIONS = YES;
				CLANG_WARN_DIRECT_OBJC_ISA_USAGE = YES_ERROR;
				CLANG_WARN_DOCUMENTATION_COMMENTS = YES;
				CLANG_WARN_EMPTY_BODY = YES;
				CLANG_WARN_ENUM_CONVERSION = YES;
				CLANG_WARN_INFINITE_RECURSION = YES;
				CLANG_WARN_INT_CONVERSION = YES;
				CLANG_WARN_NON_LITERAL_NULL_CONVERSION = YES;
				CLANG_WARN_OBJC_IMPLICIT_RETAIN_SELF = YES;
				CLANG_WARN_OBJC_LITERAL_CONVERSION = YES;
				CLANG_WARN_OBJC_ROOT_CLASS = YES_ERROR;
				CLANG_WARN_QUOTED_INCLUDE_IN_FRAMEWORK_HEADER = YES;
				CLANG_WARN_RANGE_LOOP_ANALYSIS = YES;
				CLANG_WARN_STRICT_PROTOTYPES = YES;
				CLANG_WARN_SUSPICIOUS_MOVE = YES;
				CLANG_WARN_UNGUARDED_AVAILABILITY = YES_AGGRESSIVE;
				CLANG_WARN_UNREACHABLE_CODE = YES;
				CLANG_WARN__DUPLICATE_METHOD_MATCH = YES;
				COPY_PHASE_STRIP = NO;
				DEBUG_INFORMATION_FORMAT = "dwarf-with-dsym";
				ENABLE_NS_ASSERTIONS = NO;
				ENABLE_STRICT_OBJC_MSGSEND = YES;
				ENABLE_USER_SCRIPT_SANDBOXING = YES;
				GCC_C_LANGUAGE_STANDARD = gnu17;
				GCC_NO_COMMON_BLOCKS = YES;
				GCC_WARN_64_TO_32_BIT_CONVERSION = YES;
				GCC_WARN_ABOUT_RETURN_TYPE = YES_ERROR;
				GCC_WARN_UNDECLARED_SELECTOR = YES;
				GCC_WARN_UNINITIALIZED_AUTOS = YES_AGGRESSIVE;
				GCC_WARN_UNUSED_FUNCTION = YES;
				GCC_WARN_UNUSED_VARIABLE = YES;
				IPHONEOS_DEPLOYMENT_TARGET = 13.0;
				LOCALIZATION_PREFERS_STRING_CATALOGS = YES;
				MTL_ENABLE_DEBUG_INFO = NO;
				MTL_FAST_MATH = YES;
				SDKROOT = iphoneos;
				SWIFT_COMPILATION_MODE = wholemodule;
				VALIDATE_PRODUCT = YES;
			};
			name = Release;
		};
		0CC3D3052B7BBA1D001FF10A /* Debug */ = {
			isa = XCBuildConfiguration;
			baseConfigurationReference = BFA7CA4C44D61BE48F716150 /* Pods-MovieApp.debug.xcconfig */;
			buildSettings = {
				ASSETCATALOG_COMPILER_APPICON_NAME = AppIcon;
				ASSETCATALOG_COMPILER_GLOBAL_ACCENT_COLOR_NAME = AccentColor;
				CODE_SIGN_STYLE = Automatic;
				CURRENT_PROJECT_VERSION = 1;
				DEVELOPMENT_TEAM = K2J8PYZW38;
				GENERATE_INFOPLIST_FILE = YES;
				INFOPLIST_FILE = MovieApp/Info.plist;
				INFOPLIST_KEY_UIApplicationSupportsIndirectInputEvents = YES;
				INFOPLIST_KEY_UILaunchStoryboardName = LaunchScreen;
				INFOPLIST_KEY_UIMainStoryboardFile = Main;
				INFOPLIST_KEY_UISupportedInterfaceOrientations = UIInterfaceOrientationPortrait;
				IPHONEOS_DEPLOYMENT_TARGET = 13.0;
				LD_RUNPATH_SEARCH_PATHS = (
					"$(inherited)",
					"@executable_path/Frameworks",
				);
				MARKETING_VERSION = 1.0;
				PRODUCT_BUNDLE_IDENTIFIER = com.bahar.MovieApp;
				PRODUCT_NAME = "$(TARGET_NAME)";
				SUPPORTED_PLATFORMS = "iphoneos iphonesimulator";
				SUPPORTS_MACCATALYST = NO;
				SUPPORTS_MAC_DESIGNED_FOR_IPHONE_IPAD = NO;
				SWIFT_EMIT_LOC_STRINGS = YES;
				SWIFT_VERSION = 5.0;
				TARGETED_DEVICE_FAMILY = "1,2";
			};
			name = Debug;
		};
		0CC3D3062B7BBA1D001FF10A /* Release */ = {
			isa = XCBuildConfiguration;
			baseConfigurationReference = 95ADB8131480CADA15648685 /* Pods-MovieApp.release.xcconfig */;
			buildSettings = {
				ASSETCATALOG_COMPILER_APPICON_NAME = AppIcon;
				ASSETCATALOG_COMPILER_GLOBAL_ACCENT_COLOR_NAME = AccentColor;
				CODE_SIGN_STYLE = Automatic;
				CURRENT_PROJECT_VERSION = 1;
				DEVELOPMENT_TEAM = K2J8PYZW38;
				GENERATE_INFOPLIST_FILE = YES;
				INFOPLIST_FILE = MovieApp/Info.plist;
				INFOPLIST_KEY_UIApplicationSupportsIndirectInputEvents = YES;
				INFOPLIST_KEY_UILaunchStoryboardName = LaunchScreen;
				INFOPLIST_KEY_UIMainStoryboardFile = Main;
				INFOPLIST_KEY_UISupportedInterfaceOrientations = UIInterfaceOrientationPortrait;
				IPHONEOS_DEPLOYMENT_TARGET = 13.0;
				LD_RUNPATH_SEARCH_PATHS = (
					"$(inherited)",
					"@executable_path/Frameworks",
				);
				MARKETING_VERSION = 1.0;
				PRODUCT_BUNDLE_IDENTIFIER = com.bahar.MovieApp;
				PRODUCT_NAME = "$(TARGET_NAME)";
				SUPPORTED_PLATFORMS = "iphoneos iphonesimulator";
				SUPPORTS_MACCATALYST = NO;
				SUPPORTS_MAC_DESIGNED_FOR_IPHONE_IPAD = NO;
				SWIFT_EMIT_LOC_STRINGS = YES;
				SWIFT_VERSION = 5.0;
				TARGETED_DEVICE_FAMILY = "1,2";
			};
			name = Release;
		};
		0CC3D3082B7BBA1D001FF10A /* Debug */ = {
			isa = XCBuildConfiguration;
			baseConfigurationReference = 9144B2A5450F16F850C3579E /* Pods-MovieAppTests.debug.xcconfig */;
			buildSettings = {
				ALWAYS_EMBED_SWIFT_STANDARD_LIBRARIES = YES;
				BUNDLE_LOADER = "$(TEST_HOST)";
				CODE_SIGN_STYLE = Automatic;
				CURRENT_PROJECT_VERSION = 1;
				DEVELOPMENT_TEAM = K2J8PYZW38;
				GENERATE_INFOPLIST_FILE = YES;
				IPHONEOS_DEPLOYMENT_TARGET = 17.2;
				MARKETING_VERSION = 1.0;
				PRODUCT_BUNDLE_IDENTIFIER = com.bahar.MovieAppTests;
				PRODUCT_NAME = "$(TARGET_NAME)";
				SWIFT_EMIT_LOC_STRINGS = NO;
				SWIFT_VERSION = 5.0;
				TARGETED_DEVICE_FAMILY = "1,2";
				TEST_HOST = "$(BUILT_PRODUCTS_DIR)/MovieApp.app/$(BUNDLE_EXECUTABLE_FOLDER_PATH)/MovieApp";
			};
			name = Debug;
		};
		0CC3D3092B7BBA1D001FF10A /* Release */ = {
			isa = XCBuildConfiguration;
			baseConfigurationReference = 0F70EE4744965CFAE3D93811 /* Pods-MovieAppTests.release.xcconfig */;
			buildSettings = {
				ALWAYS_EMBED_SWIFT_STANDARD_LIBRARIES = YES;
				BUNDLE_LOADER = "$(TEST_HOST)";
				CODE_SIGN_STYLE = Automatic;
				CURRENT_PROJECT_VERSION = 1;
				DEVELOPMENT_TEAM = K2J8PYZW38;
				GENERATE_INFOPLIST_FILE = YES;
				IPHONEOS_DEPLOYMENT_TARGET = 17.2;
				MARKETING_VERSION = 1.0;
				PRODUCT_BUNDLE_IDENTIFIER = com.bahar.MovieAppTests;
				PRODUCT_NAME = "$(TARGET_NAME)";
				SWIFT_EMIT_LOC_STRINGS = NO;
				SWIFT_VERSION = 5.0;
				TARGETED_DEVICE_FAMILY = "1,2";
				TEST_HOST = "$(BUILT_PRODUCTS_DIR)/MovieApp.app/$(BUNDLE_EXECUTABLE_FOLDER_PATH)/MovieApp";
			};
			name = Release;
		};
		0CC3D30B2B7BBA1D001FF10A /* Debug */ = {
			isa = XCBuildConfiguration;
			baseConfigurationReference = 5E2EDF750977791E0E92E37D /* Pods-MovieApp-MovieAppUITests.debug.xcconfig */;
			buildSettings = {
				ALWAYS_EMBED_SWIFT_STANDARD_LIBRARIES = YES;
				CODE_SIGN_STYLE = Automatic;
				CURRENT_PROJECT_VERSION = 1;
				DEVELOPMENT_TEAM = K2J8PYZW38;
				GENERATE_INFOPLIST_FILE = YES;
				MARKETING_VERSION = 1.0;
				PRODUCT_BUNDLE_IDENTIFIER = com.bahar.MovieAppUITests;
				PRODUCT_NAME = "$(TARGET_NAME)";
				SWIFT_EMIT_LOC_STRINGS = NO;
				SWIFT_VERSION = 5.0;
				TARGETED_DEVICE_FAMILY = "1,2";
				TEST_TARGET_NAME = MovieApp;
			};
			name = Debug;
		};
		0CC3D30C2B7BBA1D001FF10A /* Release */ = {
			isa = XCBuildConfiguration;
			baseConfigurationReference = 4F5F336C8500BC60FB17F747 /* Pods-MovieApp-MovieAppUITests.release.xcconfig */;
			buildSettings = {
				ALWAYS_EMBED_SWIFT_STANDARD_LIBRARIES = YES;
				CODE_SIGN_STYLE = Automatic;
				CURRENT_PROJECT_VERSION = 1;
				DEVELOPMENT_TEAM = K2J8PYZW38;
				GENERATE_INFOPLIST_FILE = YES;
				MARKETING_VERSION = 1.0;
				PRODUCT_BUNDLE_IDENTIFIER = com.bahar.MovieAppUITests;
				PRODUCT_NAME = "$(TARGET_NAME)";
				SWIFT_EMIT_LOC_STRINGS = NO;
				SWIFT_VERSION = 5.0;
				TARGETED_DEVICE_FAMILY = "1,2";
				TEST_TARGET_NAME = MovieApp;
			};
			name = Release;
		};
/* End XCBuildConfiguration section */

/* Begin XCConfigurationList section */
		0CC3D2D52B7BBA1B001FF10A /* Build configuration list for PBXProject "MovieApp" */ = {
			isa = XCConfigurationList;
			buildConfigurations = (
				0CC3D3022B7BBA1D001FF10A /* Debug */,
				0CC3D3032B7BBA1D001FF10A /* Release */,
			);
			defaultConfigurationIsVisible = 0;
			defaultConfigurationName = Release;
		};
		0CC3D3042B7BBA1D001FF10A /* Build configuration list for PBXNativeTarget "MovieApp" */ = {
			isa = XCConfigurationList;
			buildConfigurations = (
				0CC3D3052B7BBA1D001FF10A /* Debug */,
				0CC3D3062B7BBA1D001FF10A /* Release */,
			);
			defaultConfigurationIsVisible = 0;
			defaultConfigurationName = Release;
		};
		0CC3D3072B7BBA1D001FF10A /* Build configuration list for PBXNativeTarget "MovieAppTests" */ = {
			isa = XCConfigurationList;
			buildConfigurations = (
				0CC3D3082B7BBA1D001FF10A /* Debug */,
				0CC3D3092B7BBA1D001FF10A /* Release */,
			);
			defaultConfigurationIsVisible = 0;
			defaultConfigurationName = Release;
		};
		0CC3D30A2B7BBA1D001FF10A /* Build configuration list for PBXNativeTarget "MovieAppUITests" */ = {
			isa = XCConfigurationList;
			buildConfigurations = (
				0CC3D30B2B7BBA1D001FF10A /* Debug */,
				0CC3D30C2B7BBA1D001FF10A /* Release */,
			);
			defaultConfigurationIsVisible = 0;
			defaultConfigurationName = Release;
		};
/* End XCConfigurationList section */
	};
	rootObject = 0CC3D2D22B7BBA1B001FF10A /* Project object */;
}
